
Microsoft Visual Studio Solution File, Format Version 12.00
# Visual Studio Version 17
VisualStudioVersion = 17.11.35312.102
MinimumVisualStudioVersion = 10.0.40219.1
Project("{FAE04EC0-301F-11D3-BF4B-00C04F79EFBC}") = "RandomMaze", "RandomMaze\RandomMaze.csproj", "{2F07454A-CD91-42FD-979C-B9CCDC7986AF}"
EndProject
Global
	GlobalSection(SolutionConfigurationPlatforms) = preSolution
		Debug|Any CPU = Debug|Any CPU
		Release|Any CPU = Release|Any CPU
	EndGlobalSection
	GlobalSection(ProjectConfigurationPlatforms) = postSolution
		{2F07454A-CD91-42FD-979C-B9CCDC7986AF}.Debug|Any CPU.ActiveCfg = Debug|Any CPU
		{2F07454A-CD91-42FD-979C-B9CCDC7986AF}.Debug|Any CPU.Build.0 = Debug|Any CPU
		{2F07454A-CD91-42FD-979C-B9CCDC7986AF}.Release|Any CPU.ActiveCfg = Release|Any CPU
		{2F07454A-CD91-42FD-979C-B9CCDC7986AF}.Release|Any CPU.Build.0 = Release|Any CPU
	EndGlobalSection
	GlobalSection(SolutionProperties) = preSolution
		HideSolutionNode = FALSE
	EndGlobalSection
	GlobalSection(ExtensibilityGlobals) = postSolution
		SolutionGuid = {83F2B4E6-A3C5-4C2A-A540-88139A1D55DB}
	EndGlobalSection
EndGlobal
